// !$*UTF8*$!
{
	archiveVersion = 1;
	classes = {
	};
	objectVersion = 46;
	objects = {

/* Begin PBXBuildFile section */
		0C318762168A7E9E000341C0 /* TapDetectingImageView.m in Sources */ = {isa = PBXBuildFile; fileRef = 0C318761168A7E9E000341C0 /* TapDetectingImageView.m */; };
		0C72C207167E5226000A553A /* FBReaderView.m in Sources */ = {isa = PBXBuildFile; fileRef = 0C72C206167E5226000A553A /* FBReaderView.m */; };
		0C7A35351689FB1500FFF5B1 /* UITableViewController+PullDownToRefresh.m in Sources */ = {isa = PBXBuildFile; fileRef = 0C7A35341689FB1500FFF5B1 /* UITableViewController+PullDownToRefresh.m */; };
		0C98D1861687609C003B0D1D /* arrow.png in Resources */ = {isa = PBXBuildFile; fileRef = 0C98D1851687609C003B0D1D /* arrow.png */; };
		0CADFB71167CB306001B4490 /* QuartzCore.framework in Frameworks */ = {isa = PBXBuildFile; fileRef = 0CADFB70167CB306001B4490 /* QuartzCore.framework */; };
		0CBAB2301679384F00EA2E3C /* UIKit.framework in Frameworks */ = {isa = PBXBuildFile; fileRef = 0CBAB22F1679384F00EA2E3C /* UIKit.framework */; };
		0CBAB2321679384F00EA2E3C /* Foundation.framework in Frameworks */ = {isa = PBXBuildFile; fileRef = 0CBAB2311679384F00EA2E3C /* Foundation.framework */; };
		0CBAB2341679384F00EA2E3C /* CoreGraphics.framework in Frameworks */ = {isa = PBXBuildFile; fileRef = 0CBAB2331679384F00EA2E3C /* CoreGraphics.framework */; };
		0CBAB23A1679384F00EA2E3C /* InfoPlist.strings in Resources */ = {isa = PBXBuildFile; fileRef = 0CBAB2381679384F00EA2E3C /* InfoPlist.strings */; };
		0CBAB23C1679384F00EA2E3C /* main.m in Sources */ = {isa = PBXBuildFile; fileRef = 0CBAB23B1679384F00EA2E3C /* main.m */; };
		0CBAB2401679384F00EA2E3C /* AppDelegate.m in Sources */ = {isa = PBXBuildFile; fileRef = 0CBAB23F1679384F00EA2E3C /* AppDelegate.m */; };
		0CBAB2421679384F00EA2E3C /* Default.png in Resources */ = {isa = PBXBuildFile; fileRef = 0CBAB2411679384F00EA2E3C /* Default.png */; };
		0CBAB2441679384F00EA2E3C /* Default@2x.png in Resources */ = {isa = PBXBuildFile; fileRef = 0CBAB2431679384F00EA2E3C /* Default@2x.png */; };
		0CBAB2461679384F00EA2E3C /* Default-568h@2x.png in Resources */ = {isa = PBXBuildFile; fileRef = 0CBAB2451679384F00EA2E3C /* Default-568h@2x.png */; };
		0CBAB24E167938A600EA2E3C /* MangaReaderFetcher.m in Sources */ = {isa = PBXBuildFile; fileRef = 0CBAB24D167938A600EA2E3C /* MangaReaderFetcher.m */; };
		0CBAB265167A5B7E00EA2E3C /* Manga.m in Sources */ = {isa = PBXBuildFile; fileRef = 0CBAB264167A5B7D00EA2E3C /* Manga.m */; };
		0CBAB26D167A5F6500EA2E3C /* TFHpple.m in Sources */ = {isa = PBXBuildFile; fileRef = 0CBAB268167A5F6400EA2E3C /* TFHpple.m */; };
		0CBAB26E167A5F6500EA2E3C /* TFHppleElement.m in Sources */ = {isa = PBXBuildFile; fileRef = 0CBAB26A167A5F6400EA2E3C /* TFHppleElement.m */; };
		0CBAB26F167A5F6500EA2E3C /* XPathQuery.m in Sources */ = {isa = PBXBuildFile; fileRef = 0CBAB26C167A5F6500EA2E3C /* XPathQuery.m */; };
		0CBAB272167A5FC100EA2E3C /* libxml2.dylib in Frameworks */ = {isa = PBXBuildFile; fileRef = 0CBAB271167A5FC100EA2E3C /* libxml2.dylib */; };
		0CBAB275167A6CEE00EA2E3C /* ChapterListViewController.m in Sources */ = {isa = PBXBuildFile; fileRef = 0CBAB274167A6CEE00EA2E3C /* ChapterListViewController.m */; };
		0CBAB2B0167A717900EA2E3C /* MangaViewController.m in Sources */ = {isa = PBXBuildFile; fileRef = 0CBAB2AF167A717900EA2E3C /* MangaViewController.m */; };
/* End PBXBuildFile section */

/* Begin PBXFileReference section */
		0C318760168A7E9E000341C0 /* TapDetectingImageView.h */ = {isa = PBXFileReference; fileEncoding = 4; lastKnownFileType = sourcecode.c.h; name = TapDetectingImageView.h; path = MangaReader/TapDetectingImageView.h; sourceTree = "<group>"; };
		0C318761168A7E9E000341C0 /* TapDetectingImageView.m */ = {isa = PBXFileReference; fileEncoding = 4; lastKnownFileType = sourcecode.c.objc; name = TapDetectingImageView.m; path = MangaReader/TapDetectingImageView.m; sourceTree = "<group>"; };
		0C72C205167E5226000A553A /* FBReaderView.h */ = {isa = PBXFileReference; fileEncoding = 4; lastKnownFileType = sourcecode.c.h; path = FBReaderView.h; sourceTree = "<group>"; };
		0C72C206167E5226000A553A /* FBReaderView.m */ = {isa = PBXFileReference; fileEncoding = 4; lastKnownFileType = sourcecode.c.objc; path = FBReaderView.m; sourceTree = "<group>"; };
		0C7A35331689FB1500FFF5B1 /* UITableViewController+PullDownToRefresh.h */ = {isa = PBXFileReference; fileEncoding = 4; lastKnownFileType = sourcecode.c.h; path = "UITableViewController+PullDownToRefresh.h"; sourceTree = "<group>"; };
		0C7A35341689FB1500FFF5B1 /* UITableViewController+PullDownToRefresh.m */ = {isa = PBXFileReference; fileEncoding = 4; lastKnownFileType = sourcecode.c.objc; path = "UITableViewController+PullDownToRefresh.m"; sourceTree = "<group>"; };
		0C98D1851687609C003B0D1D /* arrow.png */ = {isa = PBXFileReference; lastKnownFileType = image.png; path = arrow.png; sourceTree = "<group>"; };
		0CADFB70167CB306001B4490 /* QuartzCore.framework */ = {isa = PBXFileReference; lastKnownFileType = wrapper.framework; name = QuartzCore.framework; path = System/Library/Frameworks/QuartzCore.framework; sourceTree = SDKROOT; };
		0CBAB22B1679384F00EA2E3C /* MangaReader.app */ = {isa = PBXFileReference; explicitFileType = wrapper.application; includeInIndex = 0; path = MangaReader.app; sourceTree = BUILT_PRODUCTS_DIR; };
		0CBAB22F1679384F00EA2E3C /* UIKit.framework */ = {isa = PBXFileReference; lastKnownFileType = wrapper.framework; name = UIKit.framework; path = System/Library/Frameworks/UIKit.framework; sourceTree = SDKROOT; };
		0CBAB2311679384F00EA2E3C /* Foundation.framework */ = {isa = PBXFileReference; lastKnownFileType = wrapper.framework; name = Foundation.framework; path = System/Library/Frameworks/Foundation.framework; sourceTree = SDKROOT; };
		0CBAB2331679384F00EA2E3C /* CoreGraphics.framework */ = {isa = PBXFileReference; lastKnownFileType = wrapper.framework; name = CoreGraphics.framework; path = System/Library/Frameworks/CoreGraphics.framework; sourceTree = SDKROOT; };
		0CBAB2371679384F00EA2E3C /* MangaReader-Info.plist */ = {isa = PBXFileReference; lastKnownFileType = text.plist.xml; path = "MangaReader-Info.plist"; sourceTree = "<group>"; };
		0CBAB2391679384F00EA2E3C /* en */ = {isa = PBXFileReference; lastKnownFileType = text.plist.strings; name = en; path = en.lproj/InfoPlist.strings; sourceTree = "<group>"; };
		0CBAB23B1679384F00EA2E3C /* main.m */ = {isa = PBXFileReference; lastKnownFileType = sourcecode.c.objc; path = main.m; sourceTree = "<group>"; };
		0CBAB23D1679384F00EA2E3C /* MangaReader-Prefix.pch */ = {isa = PBXFileReference; lastKnownFileType = sourcecode.c.h; path = "MangaReader-Prefix.pch"; sourceTree = "<group>"; };
		0CBAB23E1679384F00EA2E3C /* AppDelegate.h */ = {isa = PBXFileReference; lastKnownFileType = sourcecode.c.h; path = AppDelegate.h; sourceTree = "<group>"; };
		0CBAB23F1679384F00EA2E3C /* AppDelegate.m */ = {isa = PBXFileReference; lastKnownFileType = sourcecode.c.objc; path = AppDelegate.m; sourceTree = "<group>"; };
		0CBAB2411679384F00EA2E3C /* Default.png */ = {isa = PBXFileReference; lastKnownFileType = image.png; path = Default.png; sourceTree = "<group>"; };
		0CBAB2431679384F00EA2E3C /* Default@2x.png */ = {isa = PBXFileReference; lastKnownFileType = image.png; path = "Default@2x.png"; sourceTree = "<group>"; };
		0CBAB2451679384F00EA2E3C /* Default-568h@2x.png */ = {isa = PBXFileReference; lastKnownFileType = image.png; path = "Default-568h@2x.png"; sourceTree = "<group>"; };
		0CBAB24C167938A600EA2E3C /* MangaReaderFetcher.h */ = {isa = PBXFileReference; fileEncoding = 4; lastKnownFileType = sourcecode.c.h; path = MangaReaderFetcher.h; sourceTree = "<group>"; };
		0CBAB24D167938A600EA2E3C /* MangaReaderFetcher.m */ = {isa = PBXFileReference; fileEncoding = 4; lastKnownFileType = sourcecode.c.objc; path = MangaReaderFetcher.m; sourceTree = "<group>"; };
		0CBAB263167A5B7D00EA2E3C /* Manga.h */ = {isa = PBXFileReference; fileEncoding = 4; lastKnownFileType = sourcecode.c.h; path = Manga.h; sourceTree = "<group>"; };
		0CBAB264167A5B7D00EA2E3C /* Manga.m */ = {isa = PBXFileReference; fileEncoding = 4; lastKnownFileType = sourcecode.c.objc; path = Manga.m; sourceTree = "<group>"; };
		0CBAB267167A5F6400EA2E3C /* TFHpple.h */ = {isa = PBXFileReference; fileEncoding = 4; lastKnownFileType = sourcecode.c.h; path = TFHpple.h; sourceTree = "<group>"; };
		0CBAB268167A5F6400EA2E3C /* TFHpple.m */ = {isa = PBXFileReference; fileEncoding = 4; lastKnownFileType = sourcecode.c.objc; path = TFHpple.m; sourceTree = "<group>"; };
		0CBAB269167A5F6400EA2E3C /* TFHppleElement.h */ = {isa = PBXFileReference; fileEncoding = 4; lastKnownFileType = sourcecode.c.h; path = TFHppleElement.h; sourceTree = "<group>"; };
		0CBAB26A167A5F6400EA2E3C /* TFHppleElement.m */ = {isa = PBXFileReference; fileEncoding = 4; lastKnownFileType = sourcecode.c.objc; path = TFHppleElement.m; sourceTree = "<group>"; };
		0CBAB26B167A5F6500EA2E3C /* XPathQuery.h */ = {isa = PBXFileReference; fileEncoding = 4; lastKnownFileType = sourcecode.c.h; path = XPathQuery.h; sourceTree = "<group>"; };
		0CBAB26C167A5F6500EA2E3C /* XPathQuery.m */ = {isa = PBXFileReference; fileEncoding = 4; lastKnownFileType = sourcecode.c.objc; path = XPathQuery.m; sourceTree = "<group>"; };
		0CBAB271167A5FC100EA2E3C /* libxml2.dylib */ = {isa = PBXFileReference; lastKnownFileType = "compiled.mach-o.dylib"; name = libxml2.dylib; path = usr/lib/libxml2.dylib; sourceTree = SDKROOT; };
		0CBAB273167A6CEE00EA2E3C /* ChapterListViewController.h */ = {isa = PBXFileReference; fileEncoding = 4; lastKnownFileType = sourcecode.c.h; path = ChapterListViewController.h; sourceTree = "<group>"; };
		0CBAB274167A6CEE00EA2E3C /* ChapterListViewController.m */ = {isa = PBXFileReference; fileEncoding = 4; lastKnownFileType = sourcecode.c.objc; path = ChapterListViewController.m; sourceTree = "<group>"; };
		0CBAB2AE167A717900EA2E3C /* MangaViewController.h */ = {isa = PBXFileReference; fileEncoding = 4; lastKnownFileType = sourcecode.c.h; name = MangaViewController.h; path = MangaReader/MangaViewController.h; sourceTree = SOURCE_ROOT; };
		0CBAB2AF167A717900EA2E3C /* MangaViewController.m */ = {isa = PBXFileReference; fileEncoding = 4; lastKnownFileType = sourcecode.c.objc; name = MangaViewController.m; path = MangaReader/MangaViewController.m; sourceTree = SOURCE_ROOT; };
/* End PBXFileReference section */

/* Begin PBXFrameworksBuildPhase section */
		0CBAB2281679384F00EA2E3C /* Frameworks */ = {
			isa = PBXFrameworksBuildPhase;
			buildActionMask = 2147483647;
			files = (
				0CADFB71167CB306001B4490 /* QuartzCore.framework in Frameworks */,
				0CBAB272167A5FC100EA2E3C /* libxml2.dylib in Frameworks */,
				0CBAB2301679384F00EA2E3C /* UIKit.framework in Frameworks */,
				0CBAB2321679384F00EA2E3C /* Foundation.framework in Frameworks */,
				0CBAB2341679384F00EA2E3C /* CoreGraphics.framework in Frameworks */,
			);
			runOnlyForDeploymentPostprocessing = 0;
		};
/* End PBXFrameworksBuildPhase section */

/* Begin PBXGroup section */
		0C318764168A7EA6000341C0 /* TapDetectingImageView */ = {
			isa = PBXGroup;
			children = (
				0C318760168A7E9E000341C0 /* TapDetectingImageView.h */,
				0C318761168A7E9E000341C0 /* TapDetectingImageView.m */,
			);
			name = TapDetectingImageView;
			sourceTree = "<group>";
		};
		0C72C201167E4E8C000A553A /* ChapterList */ = {
			isa = PBXGroup;
			children = (
				0CBAB273167A6CEE00EA2E3C /* ChapterListViewController.h */,
				0CBAB274167A6CEE00EA2E3C /* ChapterListViewController.m */,
			);
			name = ChapterList;
			sourceTree = "<group>";
		};
		0C72C202167E4EA3000A553A /* MangaViewer */ = {
			isa = PBXGroup;
			children = (
				0CBAB2AE167A717900EA2E3C /* MangaViewController.h */,
				0CBAB2AF167A717900EA2E3C /* MangaViewController.m */,
			);
			name = MangaViewer;
			sourceTree = "<group>";
		};
		0C72C203167E4EAC000A553A /* Controllers */ = {
			isa = PBXGroup;
			children = (
				0C72C201167E4E8C000A553A /* ChapterList */,
				0C72C202167E4EA3000A553A /* MangaViewer */,
			);
			name = Controllers;
			sourceTree = "<group>";
		};
		0C72C204167E4EC7000A553A /* Views */ = {
			isa = PBXGroup;
			children = (
				0C72C205167E5226000A553A /* FBReaderView.h */,
				0C72C206167E5226000A553A /* FBReaderView.m */,
			);
			name = Views;
			sourceTree = "<group>";
		};
		0C98D1841687607E003B0D1D /* PullToRefresh */ = {
			isa = PBXGroup;
			children = (
				0C7A35331689FB1500FFF5B1 /* UITableViewController+PullDownToRefresh.h */,
				0C7A35341689FB1500FFF5B1 /* UITableViewController+PullDownToRefresh.m */,
				0C98D1851687609C003B0D1D /* arrow.png */,
			);
			name = PullToRefresh;
			path = MangaReader;
			sourceTree = "<group>";
		};
		0CBAB2201679384F00EA2E3C = {
			isa = PBXGroup;
			children = (
				0C318764168A7EA6000341C0 /* TapDetectingImageView */,
				0CBAB270167A5F6C00EA2E3C /* TFHpple */,
				0C98D1841687607E003B0D1D /* PullToRefresh */,
				0CBAB2351679384F00EA2E3C /* MangaReader */,
				0CBAB22E1679384F00EA2E3C /* Frameworks */,
				0CBAB22C1679384F00EA2E3C /* Products */,
			);
			sourceTree = "<group>";
		};
		0CBAB22C1679384F00EA2E3C /* Products */ = {
			isa = PBXGroup;
			children = (
				0CBAB22B1679384F00EA2E3C /* MangaReader.app */,
			);
			name = Products;
			sourceTree = "<group>";
		};
		0CBAB22E1679384F00EA2E3C /* Frameworks */ = {
			isa = PBXGroup;
			children = (
				0CADFB70167CB306001B4490 /* QuartzCore.framework */,
				0CBAB271167A5FC100EA2E3C /* libxml2.dylib */,
				0CBAB22F1679384F00EA2E3C /* UIKit.framework */,
				0CBAB2311679384F00EA2E3C /* Foundation.framework */,
				0CBAB2331679384F00EA2E3C /* CoreGraphics.framework */,
			);
			name = Frameworks;
			sourceTree = "<group>";
		};
		0CBAB2351679384F00EA2E3C /* MangaReader */ = {
			isa = PBXGroup;
			children = (
				0CBAB2D9167CA1D000EA2E3C /* Model */,
				0CBAB2D7167CA1BC00EA2E3C /* Service */,
				0C72C203167E4EAC000A553A /* Controllers */,
				0C72C204167E4EC7000A553A /* Views */,
				0CBAB23F1679384F00EA2E3C /* AppDelegate.m */,
				0CBAB23E1679384F00EA2E3C /* AppDelegate.h */,
				0CBAB2361679384F00EA2E3C /* Supporting Files */,
			);
			path = MangaReader;
			sourceTree = "<group>";
		};
		0CBAB2361679384F00EA2E3C /* Supporting Files */ = {
			isa = PBXGroup;
			children = (
				0CBAB2371679384F00EA2E3C /* MangaReader-Info.plist */,
				0CBAB2381679384F00EA2E3C /* InfoPlist.strings */,
				0CBAB23B1679384F00EA2E3C /* main.m */,
				0CBAB23D1679384F00EA2E3C /* MangaReader-Prefix.pch */,
				0CBAB2411679384F00EA2E3C /* Default.png */,
				0CBAB2431679384F00EA2E3C /* Default@2x.png */,
				0CBAB2451679384F00EA2E3C /* Default-568h@2x.png */,
			);
			name = "Supporting Files";
			sourceTree = "<group>";
		};
		0CBAB270167A5F6C00EA2E3C /* TFHpple */ = {
			isa = PBXGroup;
			children = (
				0CBAB267167A5F6400EA2E3C /* TFHpple.h */,
				0CBAB268167A5F6400EA2E3C /* TFHpple.m */,
				0CBAB269167A5F6400EA2E3C /* TFHppleElement.h */,
				0CBAB26A167A5F6400EA2E3C /* TFHppleElement.m */,
				0CBAB26B167A5F6500EA2E3C /* XPathQuery.h */,
				0CBAB26C167A5F6500EA2E3C /* XPathQuery.m */,
			);
			name = TFHpple;
			path = MangaReader;
			sourceTree = "<group>";
		};
		0CBAB2D7167CA1BC00EA2E3C /* Service */ = {
			isa = PBXGroup;
			children = (
				0CBAB24C167938A600EA2E3C /* MangaReaderFetcher.h */,
				0CBAB24D167938A600EA2E3C /* MangaReaderFetcher.m */,
			);
			name = Service;
			sourceTree = "<group>";
		};
		0CBAB2D9167CA1D000EA2E3C /* Model */ = {
			isa = PBXGroup;
			children = (
				0CBAB263167A5B7D00EA2E3C /* Manga.h */,
				0CBAB264167A5B7D00EA2E3C /* Manga.m */,
			);
			name = Model;
			sourceTree = "<group>";
		};
/* End PBXGroup section */

/* Begin PBXNativeTarget section */
		0CBAB22A1679384F00EA2E3C /* MangaReader */ = {
			isa = PBXNativeTarget;
			buildConfigurationList = 0CBAB2491679384F00EA2E3C /* Build configuration list for PBXNativeTarget "MangaReader" */;
			buildPhases = (
				0CBAB2271679384F00EA2E3C /* Sources */,
				0CBAB2281679384F00EA2E3C /* Frameworks */,
				0CBAB2291679384F00EA2E3C /* Resources */,
			);
			buildRules = (
			);
			dependencies = (
			);
			name = MangaReader;
			productName = MangaReader;
			productReference = 0CBAB22B1679384F00EA2E3C /* MangaReader.app */;
			productType = "com.apple.product-type.application";
		};
/* End PBXNativeTarget section */

/* Begin PBXProject section */
		0CBAB2221679384F00EA2E3C /* Project object */ = {
			isa = PBXProject;
			attributes = {
				LastUpgradeCheck = 0450;
				ORGANIZATIONNAME = "florian BUREL";
			};
			buildConfigurationList = 0CBAB2251679384F00EA2E3C /* Build configuration list for PBXProject "MangaReader" */;
			compatibilityVersion = "Xcode 3.2";
			developmentRegion = English;
			hasScannedForEncodings = 0;
			knownRegions = (
				en,
			);
			mainGroup = 0CBAB2201679384F00EA2E3C;
			productRefGroup = 0CBAB22C1679384F00EA2E3C /* Products */;
			projectDirPath = "";
			projectRoot = "";
			targets = (
				0CBAB22A1679384F00EA2E3C /* MangaReader */,
			);
		};
/* End PBXProject section */

/* Begin PBXResourcesBuildPhase section */
		0CBAB2291679384F00EA2E3C /* Resources */ = {
			isa = PBXResourcesBuildPhase;
			buildActionMask = 2147483647;
			files = (
				0CBAB23A1679384F00EA2E3C /* InfoPlist.strings in Resources */,
				0CBAB2421679384F00EA2E3C /* Default.png in Resources */,
				0CBAB2441679384F00EA2E3C /* Default@2x.png in Resources */,
				0CBAB2461679384F00EA2E3C /* Default-568h@2x.png in Resources */,
				0C98D1861687609C003B0D1D /* arrow.png in Resources */,
			);
			runOnlyForDeploymentPostprocessing = 0;
		};
/* End PBXResourcesBuildPhase section */

/* Begin PBXSourcesBuildPhase section */
		0CBAB2271679384F00EA2E3C /* Sources */ = {
			isa = PBXSourcesBuildPhase;
			buildActionMask = 2147483647;
			files = (
				0CBAB23C1679384F00EA2E3C /* main.m in Sources */,
				0CBAB2401679384F00EA2E3C /* AppDelegate.m in Sources */,
				0CBAB24E167938A600EA2E3C /* MangaReaderFetcher.m in Sources */,
				0CBAB265167A5B7E00EA2E3C /* Manga.m in Sources */,
				0CBAB26D167A5F6500EA2E3C /* TFHpple.m in Sources */,
				0CBAB26E167A5F6500EA2E3C /* TFHppleElement.m in Sources */,
				0CBAB26F167A5F6500EA2E3C /* XPathQuery.m in Sources */,
				0CBAB275167A6CEE00EA2E3C /* ChapterListViewController.m in Sources */,
				0CBAB2B0167A717900EA2E3C /* MangaViewController.m in Sources */,
				0C72C207167E5226000A553A /* FBReaderView.m in Sources */,
				0C7A35351689FB1500FFF5B1 /* UITableViewController+PullDownToRefresh.m in Sources */,
				0C318762168A7E9E000341C0 /* TapDetectingImageView.m in Sources */,
			);
			runOnlyForDeploymentPostprocessing = 0;
		};
/* End PBXSourcesBuildPhase section */

/* Begin PBXVariantGroup section */
		0CBAB2381679384F00EA2E3C /* InfoPlist.strings */ = {
			isa = PBXVariantGroup;
			children = (
				0CBAB2391679384F00EA2E3C /* en */,
			);
			name = InfoPlist.strings;
			sourceTree = "<group>";
		};
/* End PBXVariantGroup section */

/* Begin XCBuildConfiguration section */
		0CBAB2471679384F00EA2E3C /* Debug */ = {
			isa = XCBuildConfiguration;
			buildSettings = {
				ALWAYS_SEARCH_USER_PATHS = NO;
				CLANG_CXX_LANGUAGE_STANDARD = "gnu++0x";
				CLANG_CXX_LIBRARY = "libc++";
				CLANG_WARN_EMPTY_BODY = YES;
				CLANG_WARN__DUPLICATE_METHOD_MATCH = YES;
				"CODE_SIGN_IDENTITY[sdk=iphoneos*]" = "iPhone Developer";
				COPY_PHASE_STRIP = NO;
				GCC_C_LANGUAGE_STANDARD = gnu99;
				GCC_DYNAMIC_NO_PIC = NO;
				GCC_OPTIMIZATION_LEVEL = 0;
				GCC_PREPROCESSOR_DEFINITIONS = (
					"DEBUG=1",
					"$(inherited)",
				);
				GCC_SYMBOLS_PRIVATE_EXTERN = NO;
				GCC_WARN_ABOUT_RETURN_TYPE = YES;
				GCC_WARN_UNINITIALIZED_AUTOS = YES;
				GCC_WARN_UNUSED_VARIABLE = YES;
				IPHONEOS_DEPLOYMENT_TARGET = 6.0;
				ONLY_ACTIVE_ARCH = YES;
				SDKROOT = iphoneos;
			};
			name = Debug;
		};
		0CBAB2481679384F00EA2E3C /* Release */ = {
			isa = XCBuildConfiguration;
			buildSettings = {
				ALWAYS_SEARCH_USER_PATHS = NO;
				CLANG_CXX_LANGUAGE_STANDARD = "gnu++0x";
				CLANG_CXX_LIBRARY = "libc++";
				CLANG_WARN_EMPTY_BODY = YES;
				CLANG_WARN__DUPLICATE_METHOD_MATCH = YES;
				"CODE_SIGN_IDENTITY[sdk=iphoneos*]" = "iPhone Developer";
				COPY_PHASE_STRIP = YES;
				GCC_C_LANGUAGE_STANDARD = gnu99;
				GCC_WARN_ABOUT_RETURN_TYPE = YES;
				GCC_WARN_UNINITIALIZED_AUTOS = YES;
				GCC_WARN_UNUSED_VARIABLE = YES;
				IPHONEOS_DEPLOYMENT_TARGET = 6.0;
				OTHER_CFLAGS = "-DNS_BLOCK_ASSERTIONS=1";
				SDKROOT = iphoneos;
				VALIDATE_PRODUCT = YES;
			};
			name = Release;
		};
		0CBAB24A1679384F00EA2E3C /* Debug */ = {
			isa = XCBuildConfiguration;
			buildSettings = {
				GCC_PRECOMPILE_PREFIX_HEADER = YES;
				GCC_PREFIX_HEADER = "MangaReader/MangaReader-Prefix.pch";
				HEADER_SEARCH_PATHS = "$(SDKROOT)/usr/include/libxml2";
				INFOPLIST_FILE = "MangaReader/MangaReader-Info.plist";
				IPHONEOS_DEPLOYMENT_TARGET = 5.0;
				PRODUCT_NAME = "$(TARGET_NAME)";
				TARGETED_DEVICE_FAMILY = "1,2";
				WRAPPER_EXTENSION = app;
			};
			name = Debug;
		};
		0CBAB24B1679384F00EA2E3C /* Release */ = {
			isa = XCBuildConfiguration;
			buildSettings = {
				GCC_PRECOMPILE_PREFIX_HEADER = YES;
				GCC_PREFIX_HEADER = "MangaReader/MangaReader-Prefix.pch";
				HEADER_SEARCH_PATHS = "$(SDKROOT)/usr/include/libxml2";
				INFOPLIST_FILE = "MangaReader/MangaReader-Info.plist";
				IPHONEOS_DEPLOYMENT_TARGET = 5.0;
				PRODUCT_NAME = "$(TARGET_NAME)";
				TARGETED_DEVICE_FAMILY = "1,2";
				WRAPPER_EXTENSION = app;
			};
			name = Release;
		};
/* End XCBuildConfiguration section */

/* Begin XCConfigurationList section */
		0CBAB2251679384F00EA2E3C /* Build configuration list for PBXProject "MangaReader" */ = {
			isa = XCConfigurationList;
			buildConfigurations = (
				0CBAB2471679384F00EA2E3C /* Debug */,
				0CBAB2481679384F00EA2E3C /* Release */,
			);
			defaultConfigurationIsVisible = 0;
			defaultConfigurationName = Release;
		};
		0CBAB2491679384F00EA2E3C /* Build configuration list for PBXNativeTarget "MangaReader" */ = {
			isa = XCConfigurationList;
			buildConfigurations = (
				0CBAB24A1679384F00EA2E3C /* Debug */,
				0CBAB24B1679384F00EA2E3C /* Release */,
			);
			defaultConfigurationIsVisible = 0;
			defaultConfigurationName = Release;
		};
/* End XCConfigurationList section */
	};
	rootObject = 0CBAB2221679384F00EA2E3C /* Project object */;
}
